# This file is automatically @generated by Cargo.
# It is not intended for manual editing.
version = 3

[[package]]
name = "deterministic-hash"
version = "1.0.1"
source = "registry+https://github.com/rust-lang/crates.io-index"
checksum = "51a9f34e639edf43f709706fc3016ccc7ce5a819d339fd23665e4385af8e93f0"

[[package]]
name = "lockstep"
version = "0.1.0"
dependencies = [
 "deterministic-hash",
 "nanoserde",
]

[[package]]
name = "nanoserde"
version = "0.1.35"
source = "registry+https://github.com/rust-lang/crates.io-index"
checksum = "4a983d0b19ed0fcd803c4f04f9b20d5e6dd17e06d44d98742a0985ac45dab1bc"
dependencies = [
 "nanoserde-derive",
]

[[package]]
name = "nanoserde-derive"
version = "0.1.21"
source = "registry+https://github.com/rust-lang/crates.io-index"
checksum = "d4dc96541767a4279572fdcf9f95af9cc1c9b2a2254e7a079203c81e206a9059"
